{
  "name": "intern",
  "lockfileVersion": 2,
  "requires": true,
  "packages": {
    "": {
      "dependencies": {
        "image-compressor": "^2.0.3"
      }
    },
    "node_modules/image-compressor": {
      "version": "2.0.3",
      "resolved": "https://registry.npmjs.org/image-compressor/-/image-compressor-2.0.3.tgz",
      "integrity": "sha512-/cwVTp+Kx4KejzFtFgpS+TbR/H1eFi1931lptaBPZziQkdDFPKfBqxim9sGPExwF0jiVr7nlXKaG9+02XFo74Q=="
    }
  },
  "dependencies": {
    "image-compressor": {
      "version": "2.0.3",
      "resolved": "https://registry.npmjs.org/image-compressor/-/image-compressor-2.0.3.tgz",
      "integrity": "sha512-/cwVTp+Kx4KejzFtFgpS+TbR/H1eFi1931lptaBPZziQkdDFPKfBqxim9sGPExwF0jiVr7nlXKaG9+02XFo74Q=="
    }
  }
}
